<?xml version="1.0" encoding="UTF-8" standalone="yes" ?>
<CodeBlocks_project_file>
	<FileVersion major="1" minor="6" />
	<Project>
		<Option title="bow" />
		<Option pch_mode="2" />
		<Option compiler="gcc" />
		<Build>
			<Target title="Debug">
				<Option output="bin/Debug/bow" prefix_auto="1" extension_auto="1" />
				<Option object_output="obj/Debug/" />
				<Option type="1" />
				<Option compiler="gcc" />
				<Compiler>
					<Add option="-g" />
				</Compiler>
			</Target>
			<Target title="Release">
				<Option output="bin/Release/bow" prefix_auto="1" extension_auto="1" />
				<Option object_output="obj/Release/" />
				<Option type="1" />
				<Option compiler="gcc" />
				<Compiler>
					<Add option="-O2" />
				</Compiler>
				<Linker>
					<Add option="-s" />
				</Linker>
			</Target>
		</Build>
		<Compiler>
			<Add option="-Wall" />
			<Add option="-std=c++11" />
			<Add option="-fexceptions" />
		</Compiler>
		<Unit filename="abstractretriever.cpp" />
		<Unit filename="abstractretriever.h" />
		<Unit filename="bowretriever.cpp" />
		<Unit filename="bowretriever.h" />
		<Unit filename="cleaner.cpp" />
		<Unit filename="cleaner.h" />
		<Unit filename="convert.cpp" />
		<Unit filename="convert.h" />
		<Unit filename="indexmeta.h" />
		<Unit filename="invtflloader.cpp" />
		<Unit filename="invtflloader.h" />
		<Unit filename="invtitem.h" />
		<Unit filename="iodelegator.cpp" />
		<Unit filename="iodelegator.h" />
		<Unit filename="main.cpp" />
		<Unit filename="scriptparser.cpp" />
		<Unit filename="scriptparser.h" />
		<Unit filename="timer.cpp" />
		<Unit filename="timer.h" />
		<Unit filename="topk.h" />
		<Unit filename="vstring.cpp" />
		<Unit filename="vstring.h" />
		<Extensions>
			<code_completion />
			<debugger />
		</Extensions>
	</Project>
</CodeBlocks_project_file>
